
Microsoft Visual Studio Solution File, Format Version 12.00
# Visual Studio 2013
VisualStudioVersion = 12.0.30723.0
MinimumVisualStudioVersion = 10.0.40219.1
Project("{FAE04EC0-301F-11D3-BF4B-00C04F79EFBC}") = "DesktopIHM", "DesktopIHM\DesktopIHM.csproj", "{6F0CD328-1D7F-46FF-A6C7-B20625FA14C4}"
EndProject
Project("{FAE04EC0-301F-11D3-BF4B-00C04F79EFBC}") = "DataService", "DataService\DataService.csproj", "{EC5688A7-3B93-48C7-94A1-8A4321F57896}"
EndProject
Project("{54435603-DBB4-11D2-8724-00A0C9A8B90C}") = "LocationVoiture", "LocationVoiture\LocationVoiture.vdproj", "{3C67EA6D-B877-4D61-A298-180F86259EE4}"
EndProject
Global
	GlobalSection(SolutionConfigurationPlatforms) = preSolution
		Debug|Any CPU = Debug|Any CPU
		Release|Any CPU = Release|Any CPU
	EndGlobalSection
	GlobalSection(ProjectConfigurationPlatforms) = postSolution
		{6F0CD328-1D7F-46FF-A6C7-B20625FA14C4}.Debug|Any CPU.ActiveCfg = Debug|Any CPU
		{6F0CD328-1D7F-46FF-A6C7-B20625FA14C4}.Debug|Any CPU.Build.0 = Debug|Any CPU
		{6F0CD328-1D7F-46FF-A6C7-B20625FA14C4}.Release|Any CPU.ActiveCfg = Release|Any CPU
		{6F0CD328-1D7F-46FF-A6C7-B20625FA14C4}.Release|Any CPU.Build.0 = Release|Any CPU
		{EC5688A7-3B93-48C7-94A1-8A4321F57896}.Debug|Any CPU.ActiveCfg = Debug|Any CPU
		{EC5688A7-3B93-48C7-94A1-8A4321F57896}.Debug|Any CPU.Build.0 = Debug|Any CPU
		{EC5688A7-3B93-48C7-94A1-8A4321F57896}.Release|Any CPU.ActiveCfg = Release|Any CPU
		{EC5688A7-3B93-48C7-94A1-8A4321F57896}.Release|Any CPU.Build.0 = Release|Any CPU
		{3C67EA6D-B877-4D61-A298-180F86259EE4}.Debug|Any CPU.ActiveCfg = Debug
		{3C67EA6D-B877-4D61-A298-180F86259EE4}.Release|Any CPU.ActiveCfg = Release
	EndGlobalSection
	GlobalSection(SolutionProperties) = preSolution
		HideSolutionNode = FALSE
	EndGlobalSection
EndGlobal
